
Microsoft Visual Studio Solution File, Format Version 11.00
# Visual Studio 2010
Project("{FAE04EC0-301F-11D3-BF4B-00C04F79EFBC}") = "Hamstc.HYSystem.XModel", "Hamstc.HYSystem.XModel\Hamstc.HYSystem.XModel.csproj", "{07B4D3F0-02B2-437A-A437-BD330A0B5EA1}"
EndProject
Project("{FAE04EC0-301F-11D3-BF4B-00C04F79EFBC}") = "Hamstc.HYSystem.DAL", "Hamstc.HYSystem.DAL\Hamstc.HYSystem.DAL.csproj", "{666F7283-E959-4ECE-BA9C-6C3ECCC10EBA}"
EndProject
Project("{FAE04EC0-301F-11D3-BF4B-00C04F79EFBC}") = "Hamstc.HYSystem.BLL", "Hamstc.HYSystem.BLL\Hamstc.HYSystem.BLL.csproj", "{1B513F0D-C39C-4C36-83D7-866F5BCA0D59}"
EndProject
Project("{FAE04EC0-301F-11D3-BF4B-00C04F79EFBC}") = "Hamstc.HYSystem.XWeb", "Hamstc.HYSystem.XWeb\Hamstc.HYSystem.XWeb.csproj", "{DF8957E4-48BF-4AD2-85F6-6B89C2FD851B}"
EndProject
Project("{FAE04EC0-301F-11D3-BF4B-00C04F79EFBC}") = "Hamstc.HYSystem.XCommon", "Hamstc.HYSystem.XCommon\Hamstc.HYSystem.XCommon.csproj", "{2E2048BB-4A67-43B7-A697-5B082180670E}"
EndProject
Global
	GlobalSection(SolutionConfigurationPlatforms) = preSolution
		Debug|Any CPU = Debug|Any CPU
		Release|Any CPU = Release|Any CPU
	EndGlobalSection
	GlobalSection(ProjectConfigurationPlatforms) = postSolution
		{07B4D3F0-02B2-437A-A437-BD330A0B5EA1}.Debug|Any CPU.ActiveCfg = Debug|Any CPU
		{07B4D3F0-02B2-437A-A437-BD330A0B5EA1}.Debug|Any CPU.Build.0 = Debug|Any CPU
		{07B4D3F0-02B2-437A-A437-BD330A0B5EA1}.Release|Any CPU.ActiveCfg = Release|Any CPU
		{07B4D3F0-02B2-437A-A437-BD330A0B5EA1}.Release|Any CPU.Build.0 = Release|Any CPU
		{666F7283-E959-4ECE-BA9C-6C3ECCC10EBA}.Debug|Any CPU.ActiveCfg = Debug|Any CPU
		{666F7283-E959-4ECE-BA9C-6C3ECCC10EBA}.Debug|Any CPU.Build.0 = Debug|Any CPU
		{666F7283-E959-4ECE-BA9C-6C3ECCC10EBA}.Release|Any CPU.ActiveCfg = Release|Any CPU
		{666F7283-E959-4ECE-BA9C-6C3ECCC10EBA}.Release|Any CPU.Build.0 = Release|Any CPU
		{1B513F0D-C39C-4C36-83D7-866F5BCA0D59}.Debug|Any CPU.ActiveCfg = Debug|Any CPU
		{1B513F0D-C39C-4C36-83D7-866F5BCA0D59}.Debug|Any CPU.Build.0 = Debug|Any CPU
		{1B513F0D-C39C-4C36-83D7-866F5BCA0D59}.Release|Any CPU.ActiveCfg = Release|Any CPU
		{1B513F0D-C39C-4C36-83D7-866F5BCA0D59}.Release|Any CPU.Build.0 = Release|Any CPU
		{DF8957E4-48BF-4AD2-85F6-6B89C2FD851B}.Debug|Any CPU.ActiveCfg = Debug|Any CPU
		{DF8957E4-48BF-4AD2-85F6-6B89C2FD851B}.Debug|Any CPU.Build.0 = Debug|Any CPU
		{DF8957E4-48BF-4AD2-85F6-6B89C2FD851B}.Release|Any CPU.ActiveCfg = Release|Any CPU
		{DF8957E4-48BF-4AD2-85F6-6B89C2FD851B}.Release|Any CPU.Build.0 = Release|Any CPU
		{2E2048BB-4A67-43B7-A697-5B082180670E}.Debug|Any CPU.ActiveCfg = Debug|Any CPU
		{2E2048BB-4A67-43B7-A697-5B082180670E}.Debug|Any CPU.Build.0 = Debug|Any CPU
		{2E2048BB-4A67-43B7-A697-5B082180670E}.Release|Any CPU.ActiveCfg = Release|Any CPU
		{2E2048BB-4A67-43B7-A697-5B082180670E}.Release|Any CPU.Build.0 = Release|Any CPU
	EndGlobalSection
	GlobalSection(SolutionProperties) = preSolution
		HideSolutionNode = FALSE
	EndGlobalSection
EndGlobal
